// !$*UTF8*$!
{
	archiveVersion = 1;
	classes = {
	};
	objectVersion = 55;
	objects = {

/* Begin PBXBuildFile section */
		EF3FB26528F737750088D522 /* NetworkExtension.framework in Frameworks */ = {isa = PBXBuildFile; fileRef = EF3FB26428F737750088D522 /* NetworkExtension.framework */; };
		EF3FB26828F737750088D522 /* PacketTunnelProvider.swift in Sources */ = {isa = PBXBuildFile; fileRef = EF3FB26728F737750088D522 /* PacketTunnelProvider.swift */; };
		EF3FB26D28F737750088D522 /* MinimalVPNNetworkExtension.appex in Embed App Extensions */ = {isa = PBXBuildFile; fileRef = EF3FB26228F737750088D522 /* MinimalVPNNetworkExtension.appex */; settings = {ATTRIBUTES = (RemoveHeadersOnCopy, ); }; };
		EF3FB27228F7394C0088D522 /* NetworkExtension.framework in Frameworks */ = {isa = PBXBuildFile; fileRef = EF3FB26428F737750088D522 /* NetworkExtension.framework */; };
		EF97684D28F636D200E4AD1A /* MinimalVPNApp.swift in Sources */ = {isa = PBXBuildFile; fileRef = EF97684C28F636D200E4AD1A /* MinimalVPNApp.swift */; };
		EF97684F28F636D200E4AD1A /* ContentView.swift in Sources */ = {isa = PBXBuildFile; fileRef = EF97684E28F636D200E4AD1A /* ContentView.swift */; };
		EF97685128F636D300E4AD1A /* Assets.xcassets in Resources */ = {isa = PBXBuildFile; fileRef = EF97685028F636D300E4AD1A /* Assets.xcassets */; };
		EF97685428F636D300E4AD1A /* Preview Assets.xcassets in Resources */ = {isa = PBXBuildFile; fileRef = EF97685328F636D300E4AD1A /* Preview Assets.xcassets */; };
		EF97685F28F636D300E4AD1A /* MinimalVPNAppTests.swift in Sources */ = {isa = PBXBuildFile; fileRef = EF97685E28F636D300E4AD1A /* MinimalVPNAppTests.swift */; };
		EF97686928F636D300E4AD1A /* MinimalVPNAppUITests.swift in Sources */ = {isa = PBXBuildFile; fileRef = EF97686828F636D300E4AD1A /* MinimalVPNAppUITests.swift */; };
		EF97686B28F636D300E4AD1A /* MinimalVPNAppUITestsLaunchTests.swift in Sources */ = {isa = PBXBuildFile; fileRef = EF97686A28F636D300E4AD1A /* MinimalVPNAppUITestsLaunchTests.swift */; };
		EF97687928F6D88E00E4AD1A /* MinimalVPNLibrary in Frameworks */ = {isa = PBXBuildFile; productRef = EF97687828F6D88E00E4AD1A /* MinimalVPNLibrary */; };
/* End PBXBuildFile section */

/* Begin PBXContainerItemProxy section */
		EF3FB26B28F737750088D522 /* PBXContainerItemProxy */ = {
			isa = PBXContainerItemProxy;
			containerPortal = EF97684128F636D200E4AD1A /* Project object */;
			proxyType = 1;
			remoteGlobalIDString = EF3FB26128F737750088D522;
			remoteInfo = MinimalVPNNetworkExtension;
		};
		EF97685B28F636D300E4AD1A /* PBXContainerItemProxy */ = {
			isa = PBXContainerItemProxy;
			containerPortal = EF97684128F636D200E4AD1A /* Project object */;
			proxyType = 1;
			remoteGlobalIDString = EF97684828F636D200E4AD1A;
			remoteInfo = MinimalVPNApp;
		};
		EF97686528F636D300E4AD1A /* PBXContainerItemProxy */ = {
			isa = PBXContainerItemProxy;
			containerPortal = EF97684128F636D200E4AD1A /* Project object */;
			proxyType = 1;
			remoteGlobalIDString = EF97684828F636D200E4AD1A;
			remoteInfo = MinimalVPNApp;
		};
/* End PBXContainerItemProxy section */

/* Begin PBXCopyFilesBuildPhase section */
		EF3FB26E28F737750088D522 /* Embed App Extensions */ = {
			isa = PBXCopyFilesBuildPhase;
			buildActionMask = 2147483647;
			dstPath = "";
			dstSubfolderSpec = 13;
			files = (
				EF3FB26D28F737750088D522 /* MinimalVPNNetworkExtension.appex in Embed App Extensions */,
			);
			name = "Embed App Extensions";
			runOnlyForDeploymentPostprocessing = 0;
		};
/* End PBXCopyFilesBuildPhase section */

/* Begin PBXFileReference section */
		EF3FB26228F737750088D522 /* MinimalVPNNetworkExtension.appex */ = {isa = PBXFileReference; explicitFileType = "wrapper.app-extension"; includeInIndex = 0; path = MinimalVPNNetworkExtension.appex; sourceTree = BUILT_PRODUCTS_DIR; };
		EF3FB26428F737750088D522 /* NetworkExtension.framework */ = {isa = PBXFileReference; lastKnownFileType = wrapper.framework; name = NetworkExtension.framework; path = System/Library/Frameworks/NetworkExtension.framework; sourceTree = SDKROOT; };
		EF3FB26728F737750088D522 /* PacketTunnelProvider.swift */ = {isa = PBXFileReference; lastKnownFileType = sourcecode.swift; path = PacketTunnelProvider.swift; sourceTree = "<group>"; };
		EF3FB26928F737750088D522 /* Info.plist */ = {isa = PBXFileReference; lastKnownFileType = text.plist.xml; path = Info.plist; sourceTree = "<group>"; };
		EF3FB26A28F737750088D522 /* MinimalVPNNetworkExtension.entitlements */ = {isa = PBXFileReference; lastKnownFileType = text.plist.entitlements; path = MinimalVPNNetworkExtension.entitlements; sourceTree = "<group>"; };
		EF97684928F636D200E4AD1A /* MinimalVPNApp.app */ = {isa = PBXFileReference; explicitFileType = wrapper.application; includeInIndex = 0; path = MinimalVPNApp.app; sourceTree = BUILT_PRODUCTS_DIR; };
		EF97684C28F636D200E4AD1A /* MinimalVPNApp.swift */ = {isa = PBXFileReference; lastKnownFileType = sourcecode.swift; path = MinimalVPNApp.swift; sourceTree = "<group>"; };
		EF97684E28F636D200E4AD1A /* ContentView.swift */ = {isa = PBXFileReference; lastKnownFileType = sourcecode.swift; path = ContentView.swift; sourceTree = "<group>"; };
		EF97685028F636D300E4AD1A /* Assets.xcassets */ = {isa = PBXFileReference; lastKnownFileType = folder.assetcatalog; path = Assets.xcassets; sourceTree = "<group>"; };
		EF97685328F636D300E4AD1A /* Preview Assets.xcassets */ = {isa = PBXFileReference; lastKnownFileType = folder.assetcatalog; path = "Preview Assets.xcassets"; sourceTree = "<group>"; };
		EF97685528F636D300E4AD1A /* MinimalVPNApp.entitlements */ = {isa = PBXFileReference; lastKnownFileType = text.plist.entitlements; path = MinimalVPNApp.entitlements; sourceTree = "<group>"; };
		EF97685A28F636D300E4AD1A /* MinimalVPNAppTests.xctest */ = {isa = PBXFileReference; explicitFileType = wrapper.cfbundle; includeInIndex = 0; path = MinimalVPNAppTests.xctest; sourceTree = BUILT_PRODUCTS_DIR; };
		EF97685E28F636D300E4AD1A /* MinimalVPNAppTests.swift */ = {isa = PBXFileReference; lastKnownFileType = sourcecode.swift; path = MinimalVPNAppTests.swift; sourceTree = "<group>"; };
		EF97686428F636D300E4AD1A /* MinimalVPNAppUITests.xctest */ = {isa = PBXFileReference; explicitFileType = wrapper.cfbundle; includeInIndex = 0; path = MinimalVPNAppUITests.xctest; sourceTree = BUILT_PRODUCTS_DIR; };
		EF97686828F636D300E4AD1A /* MinimalVPNAppUITests.swift */ = {isa = PBXFileReference; lastKnownFileType = sourcecode.swift; path = MinimalVPNAppUITests.swift; sourceTree = "<group>"; };
		EF97686A28F636D300E4AD1A /* MinimalVPNAppUITestsLaunchTests.swift */ = {isa = PBXFileReference; lastKnownFileType = sourcecode.swift; path = MinimalVPNAppUITestsLaunchTests.swift; sourceTree = "<group>"; };
/* End PBXFileReference section */

/* Begin PBXFrameworksBuildPhase section */
		EF3FB25F28F737750088D522 /* Frameworks */ = {
			isa = PBXFrameworksBuildPhase;
			buildActionMask = 2147483647;
			files = (
				EF3FB26528F737750088D522 /* NetworkExtension.framework in Frameworks */,
			);
			runOnlyForDeploymentPostprocessing = 0;
		};
		EF97684628F636D200E4AD1A /* Frameworks */ = {
			isa = PBXFrameworksBuildPhase;
			buildActionMask = 2147483647;
			files = (
				EF97687928F6D88E00E4AD1A /* MinimalVPNLibrary in Frameworks */,
				EF3FB27228F7394C0088D522 /* NetworkExtension.framework in Frameworks */,
			);
			runOnlyForDeploymentPostprocessing = 0;
		};
		EF97685728F636D300E4AD1A /* Frameworks */ = {
			isa = PBXFrameworksBuildPhase;
			buildActionMask = 2147483647;
			files = (
			);
			runOnlyForDeploymentPostprocessing = 0;
		};
		EF97686128F636D300E4AD1A /* Frameworks */ = {
			isa = PBXFrameworksBuildPhase;
			buildActionMask = 2147483647;
			files = (
			);
			runOnlyForDeploymentPostprocessing = 0;
		};
/* End PBXFrameworksBuildPhase section */

/* Begin PBXGroup section */
		EF3FB26328F737750088D522 /* Frameworks */ = {
			isa = PBXGroup;
			children = (
				EF3FB26428F737750088D522 /* NetworkExtension.framework */,
			);
			name = Frameworks;
			sourceTree = "<group>";
		};
		EF3FB26628F737750088D522 /* MinimalVPNNetworkExtension */ = {
			isa = PBXGroup;
			children = (
				EF3FB26728F737750088D522 /* PacketTunnelProvider.swift */,
				EF3FB26928F737750088D522 /* Info.plist */,
				EF3FB26A28F737750088D522 /* MinimalVPNNetworkExtension.entitlements */,
			);
			path = MinimalVPNNetworkExtension;
			sourceTree = "<group>";
		};
		EF97684028F636D200E4AD1A = {
			isa = PBXGroup;
			children = (
				EF97684B28F636D200E4AD1A /* MinimalVPNApp */,
				EF97685D28F636D300E4AD1A /* MinimalVPNAppTests */,
				EF97686728F636D300E4AD1A /* MinimalVPNAppUITests */,
				EF3FB26628F737750088D522 /* MinimalVPNNetworkExtension */,
				EF3FB26328F737750088D522 /* Frameworks */,
				EF97684A28F636D200E4AD1A /* Products */,
			);
			sourceTree = "<group>";
		};
		EF97684A28F636D200E4AD1A /* Products */ = {
			isa = PBXGroup;
			children = (
				EF97684928F636D200E4AD1A /* MinimalVPNApp.app */,
				EF97685A28F636D300E4AD1A /* MinimalVPNAppTests.xctest */,
				EF97686428F636D300E4AD1A /* MinimalVPNAppUITests.xctest */,
				EF3FB26228F737750088D522 /* MinimalVPNNetworkExtension.appex */,
			);
			name = Products;
			sourceTree = "<group>";
		};
		EF97684B28F636D200E4AD1A /* MinimalVPNApp */ = {
			isa = PBXGroup;
			children = (
				EF97684C28F636D200E4AD1A /* MinimalVPNApp.swift */,
				EF97684E28F636D200E4AD1A /* ContentView.swift */,
				EF97685028F636D300E4AD1A /* Assets.xcassets */,
				EF97685528F636D300E4AD1A /* MinimalVPNApp.entitlements */,
				EF97685228F636D300E4AD1A /* Preview Content */,
			);
			path = MinimalVPNApp;
			sourceTree = "<group>";
		};
		EF97685228F636D300E4AD1A /* Preview Content */ = {
			isa = PBXGroup;
			children = (
				EF97685328F636D300E4AD1A /* Preview Assets.xcassets */,
			);
			path = "Preview Content";
			sourceTree = "<group>";
		};
		EF97685D28F636D300E4AD1A /* MinimalVPNAppTests */ = {
			isa = PBXGroup;
			children = (
				EF97685E28F636D300E4AD1A /* MinimalVPNAppTests.swift */,
			);
			path = MinimalVPNAppTests;
			sourceTree = "<group>";
		};
		EF97686728F636D300E4AD1A /* MinimalVPNAppUITests */ = {
			isa = PBXGroup;
			children = (
				EF97686828F636D300E4AD1A /* MinimalVPNAppUITests.swift */,
				EF97686A28F636D300E4AD1A /* MinimalVPNAppUITestsLaunchTests.swift */,
			);
			path = MinimalVPNAppUITests;
			sourceTree = "<group>";
		};
/* End PBXGroup section */

/* Begin PBXNativeTarget section */
		EF3FB26128F737750088D522 /* MinimalVPNNetworkExtension */ = {
			isa = PBXNativeTarget;
			buildConfigurationList = EF3FB27128F737750088D522 /* Build configuration list for PBXNativeTarget "MinimalVPNNetworkExtension" */;
			buildPhases = (
				EF3FB25E28F737750088D522 /* Sources */,
				EF3FB25F28F737750088D522 /* Frameworks */,
				EF3FB26028F737750088D522 /* Resources */,
			);
			buildRules = (
			);
			dependencies = (
			);
			name = MinimalVPNNetworkExtension;
			productName = MinimalVPNNetworkExtension;
			productReference = EF3FB26228F737750088D522 /* MinimalVPNNetworkExtension.appex */;
			productType = "com.apple.product-type.app-extension";
		};
		EF97684828F636D200E4AD1A /* MinimalVPNApp */ = {
			isa = PBXNativeTarget;
			buildConfigurationList = EF97686E28F636D300E4AD1A /* Build configuration list for PBXNativeTarget "MinimalVPNApp" */;
			buildPhases = (
				EF97684528F636D200E4AD1A /* Sources */,
				EF97684628F636D200E4AD1A /* Frameworks */,
				EF97684728F636D200E4AD1A /* Resources */,
				EF3FB26E28F737750088D522 /* Embed App Extensions */,
			);
			buildRules = (
			);
			dependencies = (
				EF3FB26C28F737750088D522 /* PBXTargetDependency */,
			);
			name = MinimalVPNApp;
			packageProductDependencies = (
				EF97687828F6D88E00E4AD1A /* MinimalVPNLibrary */,
			);
			productName = MinimalVPNApp;
			productReference = EF97684928F636D200E4AD1A /* MinimalVPNApp.app */;
			productType = "com.apple.product-type.application";
		};
		EF97685928F636D300E4AD1A /* MinimalVPNAppTests */ = {
			isa = PBXNativeTarget;
			buildConfigurationList = EF97687128F636D300E4AD1A /* Build configuration list for PBXNativeTarget "MinimalVPNAppTests" */;
			buildPhases = (
				EF97685628F636D300E4AD1A /* Sources */,
				EF97685728F636D300E4AD1A /* Frameworks */,
				EF97685828F636D300E4AD1A /* Resources */,
			);
			buildRules = (
			);
			dependencies = (
				EF97685C28F636D300E4AD1A /* PBXTargetDependency */,
			);
			name = MinimalVPNAppTests;
			productName = MinimalVPNAppTests;
			productReference = EF97685A28F636D300E4AD1A /* MinimalVPNAppTests.xctest */;
			productType = "com.apple.product-type.bundle.unit-test";
		};
		EF97686328F636D300E4AD1A /* MinimalVPNAppUITests */ = {
			isa = PBXNativeTarget;
			buildConfigurationList = EF97687428F636D300E4AD1A /* Build configuration list for PBXNativeTarget "MinimalVPNAppUITests" */;
			buildPhases = (
				EF97686028F636D300E4AD1A /* Sources */,
				EF97686128F636D300E4AD1A /* Frameworks */,
				EF97686228F636D300E4AD1A /* Resources */,
			);
			buildRules = (
			);
			dependencies = (
				EF97686628F636D300E4AD1A /* PBXTargetDependency */,
			);
			name = MinimalVPNAppUITests;
			productName = MinimalVPNAppUITests;
			productReference = EF97686428F636D300E4AD1A /* MinimalVPNAppUITests.xctest */;
			productType = "com.apple.product-type.bundle.ui-testing";
		};
/* End PBXNativeTarget section */

/* Begin PBXProject section */
		EF97684128F636D200E4AD1A /* Project object */ = {
			isa = PBXProject;
			attributes = {
				BuildIndependentTargetsInParallel = 1;
				LastSwiftUpdateCheck = 1330;
				LastUpgradeCheck = 1330;
				TargetAttributes = {
					EF3FB26128F737750088D522 = {
						CreatedOnToolsVersion = 13.3;
					};
					EF97684828F636D200E4AD1A = {
						CreatedOnToolsVersion = 13.3;
					};
					EF97685928F636D300E4AD1A = {
						CreatedOnToolsVersion = 13.3;
						TestTargetID = EF97684828F636D200E4AD1A;
					};
					EF97686328F636D300E4AD1A = {
						CreatedOnToolsVersion = 13.3;
						TestTargetID = EF97684828F636D200E4AD1A;
					};
				};
			};
			buildConfigurationList = EF97684428F636D200E4AD1A /* Build configuration list for PBXProject "MinimalVPNApp" */;
			compatibilityVersion = "Xcode 13.0";
			developmentRegion = en;
			hasScannedForEncodings = 0;
			knownRegions = (
				en,
				Base,
			);
			mainGroup = EF97684028F636D200E4AD1A;
			packageReferences = (
				EF97687728F6D88E00E4AD1A /* XCRemoteSwiftPackageReference "MinimalVPNLibrary" */,
			);
			productRefGroup = EF97684A28F636D200E4AD1A /* Products */;
			projectDirPath = "";
			projectRoot = "";
			targets = (
				EF97684828F636D200E4AD1A /* MinimalVPNApp */,
				EF97685928F636D300E4AD1A /* MinimalVPNAppTests */,
				EF97686328F636D300E4AD1A /* MinimalVPNAppUITests */,
				EF3FB26128F737750088D522 /* MinimalVPNNetworkExtension */,
			);
		};
/* End PBXProject section */

/* Begin PBXResourcesBuildPhase section */
		EF3FB26028F737750088D522 /* Resources */ = {
			isa = PBXResourcesBuildPhase;
			buildActionMask = 2147483647;
			files = (
			);
			runOnlyForDeploymentPostprocessing = 0;
		};
		EF97684728F636D200E4AD1A /* Resources */ = {
			isa = PBXResourcesBuildPhase;
			buildActionMask = 2147483647;
			files = (
				EF97685428F636D300E4AD1A /* Preview Assets.xcassets in Resources */,
				EF97685128F636D300E4AD1A /* Assets.xcassets in Resources */,
			);
			runOnlyForDeploymentPostprocessing = 0;
		};
		EF97685828F636D300E4AD1A /* Resources */ = {
			isa = PBXResourcesBuildPhase;
			buildActionMask = 2147483647;
			files = (
			);
			runOnlyForDeploymentPostprocessing = 0;
		};
		EF97686228F636D300E4AD1A /* Resources */ = {
			isa = PBXResourcesBuildPhase;
			buildActionMask = 2147483647;
			files = (
			);
			runOnlyForDeploymentPostprocessing = 0;
		};
/* End PBXResourcesBuildPhase section */

/* Begin PBXSourcesBuildPhase section */
		EF3FB25E28F737750088D522 /* Sources */ = {
			isa = PBXSourcesBuildPhase;
			buildActionMask = 2147483647;
			files = (
				EF3FB26828F737750088D522 /* PacketTunnelProvider.swift in Sources */,
			);
			runOnlyForDeploymentPostprocessing = 0;
		};
		EF97684528F636D200E4AD1A /* Sources */ = {
			isa = PBXSourcesBuildPhase;
			buildActionMask = 2147483647;
			files = (
				EF97684F28F636D200E4AD1A /* ContentView.swift in Sources */,
				EF97684D28F636D200E4AD1A /* MinimalVPNApp.swift in Sources */,
			);
			runOnlyForDeploymentPostprocessing = 0;
		};
		EF97685628F636D300E4AD1A /* Sources */ = {
			isa = PBXSourcesBuildPhase;
			buildActionMask = 2147483647;
			files = (
				EF97685F28F636D300E4AD1A /* MinimalVPNAppTests.swift in Sources */,
			);
			runOnlyForDeploymentPostprocessing = 0;
		};
		EF97686028F636D300E4AD1A /* Sources */ = {
			isa = PBXSourcesBuildPhase;
			buildActionMask = 2147483647;
			files = (
				EF97686928F636D300E4AD1A /* MinimalVPNAppUITests.swift in Sources */,
				EF97686B28F636D300E4AD1A /* MinimalVPNAppUITestsLaunchTests.swift in Sources */,
			);
			runOnlyForDeploymentPostprocessing = 0;
		};
/* End PBXSourcesBuildPhase section */

/* Begin PBXTargetDependency section */
		EF3FB26C28F737750088D522 /* PBXTargetDependency */ = {
			isa = PBXTargetDependency;
			target = EF3FB26128F737750088D522 /* MinimalVPNNetworkExtension */;
			targetProxy = EF3FB26B28F737750088D522 /* PBXContainerItemProxy */;
		};
		EF97685C28F636D300E4AD1A /* PBXTargetDependency */ = {
			isa = PBXTargetDependency;
			target = EF97684828F636D200E4AD1A /* MinimalVPNApp */;
			targetProxy = EF97685B28F636D300E4AD1A /* PBXContainerItemProxy */;
		};
		EF97686628F636D300E4AD1A /* PBXTargetDependency */ = {
			isa = PBXTargetDependency;
			target = EF97684828F636D200E4AD1A /* MinimalVPNApp */;
			targetProxy = EF97686528F636D300E4AD1A /* PBXContainerItemProxy */;
		};
/* End PBXTargetDependency section */

/* Begin XCBuildConfiguration section */
		EF3FB26F28F737750088D522 /* Debug */ = {
			isa = XCBuildConfiguration;
			buildSettings = {
				CODE_SIGN_ENTITLEMENTS = MinimalVPNNetworkExtension/MinimalVPNNetworkExtension.entitlements;
				CODE_SIGN_STYLE = Manual;
				CURRENT_PROJECT_VERSION = 1;
				DEVELOPMENT_TEAM = "";
				ENABLE_HARDENED_RUNTIME = YES;
				GENERATE_INFOPLIST_FILE = YES;
				INFOPLIST_FILE = MinimalVPNNetworkExtension/Info.plist;
				INFOPLIST_KEY_CFBundleDisplayName = MinimalVPNNetworkExtension;
				INFOPLIST_KEY_NSHumanReadableCopyright = "";
				LD_RUNPATH_SEARCH_PATHS = (
					"$(inherited)",
					"@executable_path/../Frameworks",
					"@executable_path/../../../../Frameworks",
				);
				MACOSX_DEPLOYMENT_TARGET = 10.15;
				MARKETING_VERSION = 1.0;
				PRODUCT_BUNDLE_IDENTIFIER = OperatorFoundation.MinimalVPNApp.MinimalVPNNetworkExtension;
				PRODUCT_NAME = "$(TARGET_NAME)";
				PROVISIONING_PROFILE_SPECIFIER = "";
				SKIP_INSTALL = YES;
				SWIFT_EMIT_LOC_STRINGS = YES;
				SWIFT_VERSION = 5.0;
			};
			name = Debug;
		};
		EF3FB27028F737750088D522 /* Release */ = {
			isa = XCBuildConfiguration;
			buildSettings = {
				CODE_SIGN_ENTITLEMENTS = MinimalVPNNetworkExtension/MinimalVPNNetworkExtension.entitlements;
				CODE_SIGN_STYLE = Manual;
				CURRENT_PROJECT_VERSION = 1;
				DEVELOPMENT_TEAM = "";
				ENABLE_HARDENED_RUNTIME = YES;
				GENERATE_INFOPLIST_FILE = YES;
				INFOPLIST_FILE = MinimalVPNNetworkExtension/Info.plist;
				INFOPLIST_KEY_CFBundleDisplayName = MinimalVPNNetworkExtension;
				INFOPLIST_KEY_NSHumanReadableCopyright = "";
				LD_RUNPATH_SEARCH_PATHS = (
					"$(inherited)",
					"@executable_path/../Frameworks",
					"@executable_path/../../../../Frameworks",
				);
				MACOSX_DEPLOYMENT_TARGET = 10.15;
				MARKETING_VERSION = 1.0;
				PRODUCT_BUNDLE_IDENTIFIER = OperatorFoundation.MinimalVPNApp.MinimalVPNNetworkExtension;
				PRODUCT_NAME = "$(TARGET_NAME)";
				PROVISIONING_PROFILE_SPECIFIER = "";
				SKIP_INSTALL = YES;
				SWIFT_EMIT_LOC_STRINGS = YES;
				SWIFT_VERSION = 5.0;
			};
			name = Release;
		};
		EF97686C28F636D300E4AD1A /* Debug */ = {
			isa = XCBuildConfiguration;
			buildSettings = {
				ALWAYS_SEARCH_USER_PATHS = NO;
				CLANG_ANALYZER_NONNULL = YES;
				CLANG_ANALYZER_NUMBER_OBJECT_CONVERSION = YES_AGGRESSIVE;
				CLANG_CXX_LANGUAGE_STANDARD = "gnu++17";
				CLANG_ENABLE_MODULES = YES;
				CLANG_ENABLE_OBJC_ARC = YES;
				CLANG_ENABLE_OBJC_WEAK = YES;
				CLANG_WARN_BLOCK_CAPTURE_AUTORELEASING = YES;
				CLANG_WARN_BOOL_CONVERSION = YES;
				CLANG_WARN_COMMA = YES;
				CLANG_WARN_CONSTANT_CONVERSION = YES;
				CLANG_WARN_DEPRECATED_OBJC_IMPLEMENTATIONS = YES;
				CLANG_WARN_DIRECT_OBJC_ISA_USAGE = YES_ERROR;
				CLANG_WARN_DOCUMENTATION_COMMENTS = YES;
				CLANG_WARN_EMPTY_BODY = YES;
				CLANG_WARN_ENUM_CONVERSION = YES;
				CLANG_WARN_INFINITE_RECURSION = YES;
				CLANG_WARN_INT_CONVERSION = YES;
				CLANG_WARN_NON_LITERAL_NULL_CONVERSION = YES;
				CLANG_WARN_OBJC_IMPLICIT_RETAIN_SELF = YES;
				CLANG_WARN_OBJC_LITERAL_CONVERSION = YES;
				CLANG_WARN_OBJC_ROOT_CLASS = YES_ERROR;
				CLANG_WARN_QUOTED_INCLUDE_IN_FRAMEWORK_HEADER = YES;
				CLANG_WARN_RANGE_LOOP_ANALYSIS = YES;
				CLANG_WARN_STRICT_PROTOTYPES = YES;
				CLANG_WARN_SUSPICIOUS_MOVE = YES;
				CLANG_WARN_UNGUARDED_AVAILABILITY = YES_AGGRESSIVE;
				CLANG_WARN_UNREACHABLE_CODE = YES;
				CLANG_WARN__DUPLICATE_METHOD_MATCH = YES;
				COPY_PHASE_STRIP = NO;
				DEBUG_INFORMATION_FORMAT = dwarf;
				ENABLE_STRICT_OBJC_MSGSEND = YES;
				ENABLE_TESTABILITY = YES;
				GCC_C_LANGUAGE_STANDARD = gnu11;
				GCC_DYNAMIC_NO_PIC = NO;
				GCC_NO_COMMON_BLOCKS = YES;
				GCC_OPTIMIZATION_LEVEL = 0;
				GCC_PREPROCESSOR_DEFINITIONS = (
					"DEBUG=1",
					"$(inherited)",
				);
				GCC_WARN_64_TO_32_BIT_CONVERSION = YES;
				GCC_WARN_ABOUT_RETURN_TYPE = YES_ERROR;
				GCC_WARN_UNDECLARED_SELECTOR = YES;
				GCC_WARN_UNINITIALIZED_AUTOS = YES_AGGRESSIVE;
				GCC_WARN_UNUSED_FUNCTION = YES;
				GCC_WARN_UNUSED_VARIABLE = YES;
				MACOSX_DEPLOYMENT_TARGET = 12.3;
				MTL_ENABLE_DEBUG_INFO = INCLUDE_SOURCE;
				MTL_FAST_MATH = YES;
				ONLY_ACTIVE_ARCH = YES;
				SDKROOT = macosx;
				SWIFT_ACTIVE_COMPILATION_CONDITIONS = DEBUG;
				SWIFT_OPTIMIZATION_LEVEL = "-Onone";
			};
			name = Debug;
		};
		EF97686D28F636D300E4AD1A /* Release */ = {
			isa = XCBuildConfiguration;
			buildSettings = {
				ALWAYS_SEARCH_USER_PATHS = NO;
				CLANG_ANALYZER_NONNULL = YES;
				CLANG_ANALYZER_NUMBER_OBJECT_CONVERSION = YES_AGGRESSIVE;
				CLANG_CXX_LANGUAGE_STANDARD = "gnu++17";
				CLANG_ENABLE_MODULES = YES;
				CLANG_ENABLE_OBJC_ARC = YES;
				CLANG_ENABLE_OBJC_WEAK = YES;
				CLANG_WARN_BLOCK_CAPTURE_AUTORELEASING = YES;
				CLANG_WARN_BOOL_CONVERSION = YES;
				CLANG_WARN_COMMA = YES;
				CLANG_WARN_CONSTANT_CONVERSION = YES;
				CLANG_WARN_DEPRECATED_OBJC_IMPLEMENTATIONS = YES;
				CLANG_WARN_DIRECT_OBJC_ISA_USAGE = YES_ERROR;
				CLANG_WARN_DOCUMENTATION_COMMENTS = YES;
				CLANG_WARN_EMPTY_BODY = YES;
				CLANG_WARN_ENUM_CONVERSION = YES;
				CLANG_WARN_INFINITE_RECURSION = YES;
				CLANG_WARN_INT_CONVERSION = YES;
				CLANG_WARN_NON_LITERAL_NULL_CONVERSION = YES;
				CLANG_WARN_OBJC_IMPLICIT_RETAIN_SELF = YES;
				CLANG_WARN_OBJC_LITERAL_CONVERSION = YES;
				CLANG_WARN_OBJC_ROOT_CLASS = YES_ERROR;
				CLANG_WARN_QUOTED_INCLUDE_IN_FRAMEWORK_HEADER = YES;
				CLANG_WARN_RANGE_LOOP_ANALYSIS = YES;
				CLANG_WARN_STRICT_PROTOTYPES = YES;
				CLANG_WARN_SUSPICIOUS_MOVE = YES;
				CLANG_WARN_UNGUARDED_AVAILABILITY = YES_AGGRESSIVE;
				CLANG_WARN_UNREACHABLE_CODE = YES;
				CLANG_WARN__DUPLICATE_METHOD_MATCH = YES;
				COPY_PHASE_STRIP = NO;
				DEBUG_INFORMATION_FORMAT = "dwarf-with-dsym";
				ENABLE_NS_ASSERTIONS = NO;
				ENABLE_STRICT_OBJC_MSGSEND = YES;
				GCC_C_LANGUAGE_STANDARD = gnu11;
				GCC_NO_COMMON_BLOCKS = YES;
				GCC_WARN_64_TO_32_BIT_CONVERSION = YES;
				GCC_WARN_ABOUT_RETURN_TYPE = YES_ERROR;
				GCC_WARN_UNDECLARED_SELECTOR = YES;
				GCC_WARN_UNINITIALIZED_AUTOS = YES_AGGRESSIVE;
				GCC_WARN_UNUSED_FUNCTION = YES;
				GCC_WARN_UNUSED_VARIABLE = YES;
				MACOSX_DEPLOYMENT_TARGET = 12.3;
				MTL_ENABLE_DEBUG_INFO = NO;
				MTL_FAST_MATH = YES;
				SDKROOT = macosx;
				SWIFT_COMPILATION_MODE = wholemodule;
				SWIFT_OPTIMIZATION_LEVEL = "-O";
			};
			name = Release;
		};
		EF97686F28F636D300E4AD1A /* Debug */ = {
			isa = XCBuildConfiguration;
			buildSettings = {
				ALWAYS_EMBED_SWIFT_STANDARD_LIBRARIES = YES;
				ASSETCATALOG_COMPILER_APPICON_NAME = AppIcon;
				ASSETCATALOG_COMPILER_GLOBAL_ACCENT_COLOR_NAME = AccentColor;
				CODE_SIGN_ENTITLEMENTS = MinimalVPNApp/MinimalVPNApp.entitlements;
				CODE_SIGN_IDENTITY = "Apple Development";
				CODE_SIGN_STYLE = Automatic;
				COMBINE_HIDPI_IMAGES = YES;
				CURRENT_PROJECT_VERSION = 1;
				DEVELOPMENT_ASSET_PATHS = "\"MinimalVPNApp/Preview Content\"";
				DEVELOPMENT_TEAM = "";
				ENABLE_HARDENED_RUNTIME = YES;
				ENABLE_PREVIEWS = YES;
				GENERATE_INFOPLIST_FILE = YES;
				INFOPLIST_KEY_NSHumanReadableCopyright = "";
				LD_RUNPATH_SEARCH_PATHS = (
					"$(inherited)",
					"@executable_path/../Frameworks",
				);
				MARKETING_VERSION = 1.0;
				PRODUCT_BUNDLE_IDENTIFIER = OperatorFoundation.MinimalVPNApp;
				PRODUCT_NAME = "$(TARGET_NAME)";
				PROVISIONING_PROFILE_SPECIFIER = "";
				SWIFT_EMIT_LOC_STRINGS = YES;
				SWIFT_VERSION = 5.0;
			};
			name = Debug;
		};
		EF97687028F636D300E4AD1A /* Release */ = {
			isa = XCBuildConfiguration;
			buildSettings = {
				ALWAYS_EMBED_SWIFT_STANDARD_LIBRARIES = YES;
				ASSETCATALOG_COMPILER_APPICON_NAME = AppIcon;
				ASSETCATALOG_COMPILER_GLOBAL_ACCENT_COLOR_NAME = AccentColor;
				CODE_SIGN_ENTITLEMENTS = MinimalVPNApp/MinimalVPNApp.entitlements;
				CODE_SIGN_IDENTITY = "Apple Development";
				CODE_SIGN_STYLE = Automatic;
				COMBINE_HIDPI_IMAGES = YES;
				CURRENT_PROJECT_VERSION = 1;
				DEVELOPMENT_ASSET_PATHS = "\"MinimalVPNApp/Preview Content\"";
				DEVELOPMENT_TEAM = "";
				ENABLE_HARDENED_RUNTIME = YES;
				ENABLE_PREVIEWS = YES;
				GENERATE_INFOPLIST_FILE = YES;
				INFOPLIST_KEY_NSHumanReadableCopyright = "";
				LD_RUNPATH_SEARCH_PATHS = (
					"$(inherited)",
					"@executable_path/../Frameworks",
				);
				MARKETING_VERSION = 1.0;
				PRODUCT_BUNDLE_IDENTIFIER = OperatorFoundation.MinimalVPNApp;
				PRODUCT_NAME = "$(TARGET_NAME)";
				PROVISIONING_PROFILE_SPECIFIER = "";
				SWIFT_EMIT_LOC_STRINGS = YES;
				SWIFT_VERSION = 5.0;
			};
			name = Release;
		};
		EF97687228F636D300E4AD1A /* Debug */ = {
			isa = XCBuildConfiguration;
			buildSettings = {
				ALWAYS_EMBED_SWIFT_STANDARD_LIBRARIES = YES;
				BUNDLE_LOADER = "$(TEST_HOST)";
				CODE_SIGN_STYLE = Automatic;
				CURRENT_PROJECT_VERSION = 1;
				DEVELOPMENT_TEAM = 67Y4NSLDQ3;
				GENERATE_INFOPLIST_FILE = YES;
				MACOSX_DEPLOYMENT_TARGET = 12.3;
				MARKETING_VERSION = 1.0;
				PRODUCT_BUNDLE_IDENTIFIER = OperatorFoundation.MinimalVPNAppTests;
				PRODUCT_NAME = "$(TARGET_NAME)";
				SWIFT_EMIT_LOC_STRINGS = NO;
				SWIFT_VERSION = 5.0;
				TEST_HOST = "$(BUILT_PRODUCTS_DIR)/MinimalVPNApp.app/Contents/MacOS/MinimalVPNApp";
			};
			name = Debug;
		};
		EF97687328F636D300E4AD1A /* Release */ = {
			isa = XCBuildConfiguration;
			buildSettings = {
				ALWAYS_EMBED_SWIFT_STANDARD_LIBRARIES = YES;
				BUNDLE_LOADER = "$(TEST_HOST)";
				CODE_SIGN_STYLE = Automatic;
				CURRENT_PROJECT_VERSION = 1;
				DEVELOPMENT_TEAM = 67Y4NSLDQ3;
				GENERATE_INFOPLIST_FILE = YES;
				MACOSX_DEPLOYMENT_TARGET = 12.3;
				MARKETING_VERSION = 1.0;
				PRODUCT_BUNDLE_IDENTIFIER = OperatorFoundation.MinimalVPNAppTests;
				PRODUCT_NAME = "$(TARGET_NAME)";
				SWIFT_EMIT_LOC_STRINGS = NO;
				SWIFT_VERSION = 5.0;
				TEST_HOST = "$(BUILT_PRODUCTS_DIR)/MinimalVPNApp.app/Contents/MacOS/MinimalVPNApp";
			};
			name = Release;
		};
		EF97687528F636D300E4AD1A /* Debug */ = {
			isa = XCBuildConfiguration;
			buildSettings = {
				ALWAYS_EMBED_SWIFT_STANDARD_LIBRARIES = YES;
				CODE_SIGN_STYLE = Automatic;
				CURRENT_PROJECT_VERSION = 1;
				DEVELOPMENT_TEAM = 67Y4NSLDQ3;
				GENERATE_INFOPLIST_FILE = YES;
				MARKETING_VERSION = 1.0;
				PRODUCT_BUNDLE_IDENTIFIER = OperatorFoundation.MinimalVPNAppUITests;
				PRODUCT_NAME = "$(TARGET_NAME)";
				SWIFT_EMIT_LOC_STRINGS = NO;
				SWIFT_VERSION = 5.0;
				TEST_TARGET_NAME = MinimalVPNApp;
			};
			name = Debug;
		};
		EF97687628F636D300E4AD1A /* Release */ = {
			isa = XCBuildConfiguration;
			buildSettings = {
				ALWAYS_EMBED_SWIFT_STANDARD_LIBRARIES = YES;
				CODE_SIGN_STYLE = Automatic;
				CURRENT_PROJECT_VERSION = 1;
				DEVELOPMENT_TEAM = 67Y4NSLDQ3;
				GENERATE_INFOPLIST_FILE = YES;
				MARKETING_VERSION = 1.0;
				PRODUCT_BUNDLE_IDENTIFIER = OperatorFoundation.MinimalVPNAppUITests;
				PRODUCT_NAME = "$(TARGET_NAME)";
				SWIFT_EMIT_LOC_STRINGS = NO;
				SWIFT_VERSION = 5.0;
				TEST_TARGET_NAME = MinimalVPNApp;
			};
			name = Release;
		};
/* End XCBuildConfiguration section */

/* Begin XCConfigurationList section */
		EF3FB27128F737750088D522 /* Build configuration list for PBXNativeTarget "MinimalVPNNetworkExtension" */ = {
			isa = XCConfigurationList;
			buildConfigurations = (
				EF3FB26F28F737750088D522 /* Debug */,
				EF3FB27028F737750088D522 /* Release */,
			);
			defaultConfigurationIsVisible = 0;
			defaultConfigurationName = Release;
		};
		EF97684428F636D200E4AD1A /* Build configuration list for PBXProject "MinimalVPNApp" */ = {
			isa = XCConfigurationList;
			buildConfigurations = (
				EF97686C28F636D300E4AD1A /* Debug */,
				EF97686D28F636D300E4AD1A /* Release */,
			);
			defaultConfigurationIsVisible = 0;
			defaultConfigurationName = Release;
		};
		EF97686E28F636D300E4AD1A /* Build configuration list for PBXNativeTarget "MinimalVPNApp" */ = {
			isa = XCConfigurationList;
			buildConfigurations = (
				EF97686F28F636D300E4AD1A /* Debug */,
				EF97687028F636D300E4AD1A /* Release */,
			);
			defaultConfigurationIsVisible = 0;
			defaultConfigurationName = Release;
		};
		EF97687128F636D300E4AD1A /* Build configuration list for PBXNativeTarget "MinimalVPNAppTests" */ = {
			isa = XCConfigurationList;
			buildConfigurations = (
				EF97687228F636D300E4AD1A /* Debug */,
				EF97687328F636D300E4AD1A /* Release */,
			);
			defaultConfigurationIsVisible = 0;
			defaultConfigurationName = Release;
		};
		EF97687428F636D300E4AD1A /* Build configuration list for PBXNativeTarget "MinimalVPNAppUITests" */ = {
			isa = XCConfigurationList;
			buildConfigurations = (
				EF97687528F636D300E4AD1A /* Debug */,
				EF97687628F636D300E4AD1A /* Release */,
			);
			defaultConfigurationIsVisible = 0;
			defaultConfigurationName = Release;
		};
/* End XCConfigurationList section */

/* Begin XCRemoteSwiftPackageReference section */
		EF97687728F6D88E00E4AD1A /* XCRemoteSwiftPackageReference "MinimalVPNLibrary" */ = {
			isa = XCRemoteSwiftPackageReference;
			repositoryURL = "https://github.com/OperatorFoundation/MinimalVPNLibrary.git";
			requirement = {
				branch = main;
				kind = branch;
			};
		};
/* End XCRemoteSwiftPackageReference section */

/* Begin XCSwiftPackageProductDependency section */
		EF97687828F6D88E00E4AD1A /* MinimalVPNLibrary */ = {
			isa = XCSwiftPackageProductDependency;
			package = EF97687728F6D88E00E4AD1A /* XCRemoteSwiftPackageReference "MinimalVPNLibrary" */;
			productName = MinimalVPNLibrary;
		};
/* End XCSwiftPackageProductDependency section */
	};
	rootObject = EF97684128F636D200E4AD1A /* Project object */;
}
