{
  "pins" : [
    {
      "identity" : "minimalvpnlibrary",
      "kind" : "remoteSourceControl",
      "location" : "https://github.com/OperatorFoundation/MinimalVPNLibrary.git",
      "state" : {
        "branch" : "main",
        "revision" : "6c091223934a50e6624ea35f13414623a65c0019"
      }
    },
    {
      "identity" : "swift-log",
      "kind" : "remoteSourceControl",
      "location" : "https://github.com/apple/swift-log.git",
      "state" : {
        "revision" : "6fe203dc33195667ce1759bf0182975e4653ba1c",
        "version" : "1.4.4"
      }
    },
    {
      "identity" : "swifttestutils",
      "kind" : "remoteSourceControl",
      "location" : "https://github.com/OperatorFoundation/SwiftTestUtils.git",
      "state" : {
        "branch" : "main",
        "revision" : "1248bb1e13356c330d1a43a1528feb1a394704db"
      }
    }
  ],
  "version" : 2
}
